// !$*UTF8*$!
{
	archiveVersion = 1;
	classes = {
	};
	objectVersion = 50;
	objects = {

/* Begin PBXBuildFile section */
		08AD2168DA17FCE0DF7768BF /* Pods_Snapchat.framework in Frameworks */ = {isa = PBXBuildFile; fileRef = 561A46E341E85B253069E80C /* Pods_Snapchat.framework */; };
		E2DCE1C122827D98004B8262 /* AppDelegate.swift in Sources */ = {isa = PBXBuildFile; fileRef = E2DCE1C022827D98004B8262 /* AppDelegate.swift */; };
		E2DCE1C322827D98004B8262 /* iniciarSesionViewController.swift in Sources */ = {isa = PBXBuildFile; fileRef = E2DCE1C222827D98004B8262 /* iniciarSesionViewController.swift */; };
		E2DCE1C622827D98004B8262 /* Main.storyboard in Resources */ = {isa = PBXBuildFile; fileRef = E2DCE1C422827D98004B8262 /* Main.storyboard */; };
		E2DCE1C822827D9B004B8262 /* Assets.xcassets in Resources */ = {isa = PBXBuildFile; fileRef = E2DCE1C722827D9B004B8262 /* Assets.xcassets */; };
		E2DCE1CB22827D9B004B8262 /* LaunchScreen.storyboard in Resources */ = {isa = PBXBuildFile; fileRef = E2DCE1C922827D9B004B8262 /* LaunchScreen.storyboard */; };
		E2DCE1D322828430004B8262 /* GoogleService-Info.plist in Resources */ = {isa = PBXBuildFile; fileRef = E2DCE1D222828430004B8262 /* GoogleService-Info.plist */; };
		E2DCE1D522829591004B8262 /* imagen.png in Resources */ = {isa = PBXBuildFile; fileRef = E2DCE1D422829591004B8262 /* imagen.png */; };
/* End PBXBuildFile section */

/* Begin PBXFileReference section */
		561A46E341E85B253069E80C /* Pods_Snapchat.framework */ = {isa = PBXFileReference; explicitFileType = wrapper.framework; includeInIndex = 0; path = Pods_Snapchat.framework; sourceTree = BUILT_PRODUCTS_DIR; };
		5804793C0E7F8CE8251832C1 /* Pods-Snapchat.debug.xcconfig */ = {isa = PBXFileReference; includeInIndex = 1; lastKnownFileType = text.xcconfig; name = "Pods-Snapchat.debug.xcconfig"; path = "Target Support Files/Pods-Snapchat/Pods-Snapchat.debug.xcconfig"; sourceTree = "<group>"; };
		AE8452414CC9C6E6032A5792 /* Pods-Snapchat.release.xcconfig */ = {isa = PBXFileReference; includeInIndex = 1; lastKnownFileType = text.xcconfig; name = "Pods-Snapchat.release.xcconfig"; path = "Target Support Files/Pods-Snapchat/Pods-Snapchat.release.xcconfig"; sourceTree = "<group>"; };
		E2DCE1BD22827D98004B8262 /* Snapchat.app */ = {isa = PBXFileReference; explicitFileType = wrapper.application; includeInIndex = 0; path = Snapchat.app; sourceTree = BUILT_PRODUCTS_DIR; };
		E2DCE1C022827D98004B8262 /* AppDelegate.swift */ = {isa = PBXFileReference; lastKnownFileType = sourcecode.swift; path = AppDelegate.swift; sourceTree = "<group>"; };
		E2DCE1C222827D98004B8262 /* iniciarSesionViewController.swift */ = {isa = PBXFileReference; lastKnownFileType = sourcecode.swift; path = iniciarSesionViewController.swift; sourceTree = "<group>"; };
		E2DCE1C522827D98004B8262 /* Base */ = {isa = PBXFileReference; lastKnownFileType = file.storyboard; name = Base; path = Base.lproj/Main.storyboard; sourceTree = "<group>"; };
		E2DCE1C722827D9B004B8262 /* Assets.xcassets */ = {isa = PBXFileReference; lastKnownFileType = folder.assetcatalog; path = Assets.xcassets; sourceTree = "<group>"; };
		E2DCE1CA22827D9B004B8262 /* Base */ = {isa = PBXFileReference; lastKnownFileType = file.storyboard; name = Base; path = Base.lproj/LaunchScreen.storyboard; sourceTree = "<group>"; };
		E2DCE1CC22827D9B004B8262 /* Info.plist */ = {isa = PBXFileReference; lastKnownFileType = text.plist.xml; path = Info.plist; sourceTree = "<group>"; };
		E2DCE1D222828430004B8262 /* GoogleService-Info.plist */ = {isa = PBXFileReference; fileEncoding = 4; lastKnownFileType = text.plist.xml; path = "GoogleService-Info.plist"; sourceTree = "<group>"; };
		E2DCE1D422829591004B8262 /* imagen.png */ = {isa = PBXFileReference; lastKnownFileType = image.png; path = imagen.png; sourceTree = "<group>"; };
/* End PBXFileReference section */

/* Begin PBXFrameworksBuildPhase section */
		E2DCE1BA22827D98004B8262 /* Frameworks */ = {
			isa = PBXFrameworksBuildPhase;
			buildActionMask = 2147483647;
			files = (
				08AD2168DA17FCE0DF7768BF /* Pods_Snapchat.framework in Frameworks */,
			);
			runOnlyForDeploymentPostprocessing = 0;
		};
/* End PBXFrameworksBuildPhase section */

/* Begin PBXGroup section */
		9F2DA5C9DB47CA59F53A408E /* Frameworks */ = {
			isa = PBXGroup;
			children = (
				561A46E341E85B253069E80C /* Pods_Snapchat.framework */,
			);
			name = Frameworks;
			sourceTree = "<group>";
		};
		E2CB5938396E0A8AC652D9AB /* Pods */ = {
			isa = PBXGroup;
			children = (
				5804793C0E7F8CE8251832C1 /* Pods-Snapchat.debug.xcconfig */,
				AE8452414CC9C6E6032A5792 /* Pods-Snapchat.release.xcconfig */,
			);
			path = Pods;
			sourceTree = "<group>";
		};
		E2DCE1B422827D98004B8262 = {
			isa = PBXGroup;
			children = (
				E2DCE1BF22827D98004B8262 /* Snapchat */,
				E2DCE1BE22827D98004B8262 /* Products */,
				E2CB5938396E0A8AC652D9AB /* Pods */,
				9F2DA5C9DB47CA59F53A408E /* Frameworks */,
			);
			sourceTree = "<group>";
		};
		E2DCE1BE22827D98004B8262 /* Products */ = {
			isa = PBXGroup;
			children = (
				E2DCE1BD22827D98004B8262 /* Snapchat.app */,
			);
			name = Products;
			sourceTree = "<group>";
		};
		E2DCE1BF22827D98004B8262 /* Snapchat */ = {
			isa = PBXGroup;
			children = (
				E2DCE1D422829591004B8262 /* imagen.png */,
				E2DCE1D222828430004B8262 /* GoogleService-Info.plist */,
				E2DCE1C022827D98004B8262 /* AppDelegate.swift */,
				E2DCE1C222827D98004B8262 /* iniciarSesionViewController.swift */,
				E2DCE1C422827D98004B8262 /* Main.storyboard */,
				E2DCE1C722827D9B004B8262 /* Assets.xcassets */,
				E2DCE1C922827D9B004B8262 /* LaunchScreen.storyboard */,
				E2DCE1CC22827D9B004B8262 /* Info.plist */,
			);
			path = Snapchat;
			sourceTree = "<group>";
		};
/* End PBXGroup section */

/* Begin PBXNativeTarget section */
		E2DCE1BC22827D98004B8262 /* Snapchat */ = {
			isa = PBXNativeTarget;
			buildConfigurationList = E2DCE1CF22827D9B004B8262 /* Build configuration list for PBXNativeTarget "Snapchat" */;
			buildPhases = (
				628133F8CBEB17795D18BD5F /* [CP] Check Pods Manifest.lock */,
				E2DCE1B922827D98004B8262 /* Sources */,
				E2DCE1BA22827D98004B8262 /* Frameworks */,
				E2DCE1BB22827D98004B8262 /* Resources */,
				B100B47FD82C01B284107583 /* [CP] Embed Pods Frameworks */,
			);
			buildRules = (
			);
			dependencies = (
			);
			name = Snapchat;
			productName = Snapchat;
			productReference = E2DCE1BD22827D98004B8262 /* Snapchat.app */;
			productType = "com.apple.product-type.application";
		};
/* End PBXNativeTarget section */

/* Begin PBXProject section */
		E2DCE1B522827D98004B8262 /* Project object */ = {
			isa = PBXProject;
			attributes = {
				LastSwiftUpdateCheck = 1010;
				LastUpgradeCheck = 1010;
				ORGANIZATIONNAME = deah;
				TargetAttributes = {
					E2DCE1BC22827D98004B8262 = {
						CreatedOnToolsVersion = 10.1;
					};
				};
			};
			buildConfigurationList = E2DCE1B822827D98004B8262 /* Build configuration list for PBXProject "Snapchat" */;
			compatibilityVersion = "Xcode 9.3";
			developmentRegion = en;
			hasScannedForEncodings = 0;
			knownRegions = (
				en,
				Base,
			);
			mainGroup = E2DCE1B422827D98004B8262;
			productRefGroup = E2DCE1BE22827D98004B8262 /* Products */;
			projectDirPath = "";
			projectRoot = "";
			targets = (
				E2DCE1BC22827D98004B8262 /* Snapchat */,
			);
		};
/* End PBXProject section */

/* Begin PBXResourcesBuildPhase section */
		E2DCE1BB22827D98004B8262 /* Resources */ = {
			isa = PBXResourcesBuildPhase;
			buildActionMask = 2147483647;
			files = (
				E2DCE1CB22827D9B004B8262 /* LaunchScreen.storyboard in Resources */,
				E2DCE1D522829591004B8262 /* imagen.png in Resources */,
				E2DCE1D322828430004B8262 /* GoogleService-Info.plist in Resources */,
				E2DCE1C822827D9B004B8262 /* Assets.xcassets in Resources */,
				E2DCE1C622827D98004B8262 /* Main.storyboard in Resources */,
			);
			runOnlyForDeploymentPostprocessing = 0;
		};
/* End PBXResourcesBuildPhase section */

/* Begin PBXShellScriptBuildPhase section */
		628133F8CBEB17795D18BD5F /* [CP] Check Pods Manifest.lock */ = {
			isa = PBXShellScriptBuildPhase;
			buildActionMask = 2147483647;
			files = (
			);
			inputFileListPaths = (
			);
			inputPaths = (
				"${PODS_PODFILE_DIR_PATH}/Podfile.lock",
				"${PODS_ROOT}/Manifest.lock",
			);
			name = "[CP] Check Pods Manifest.lock";
			outputFileListPaths = (
			);
			outputPaths = (
				"$(DERIVED_FILE_DIR)/Pods-Snapchat-checkManifestLockResult.txt",
			);
			runOnlyForDeploymentPostprocessing = 0;
			shellPath = /bin/sh;
			shellScript = "diff \"${PODS_PODFILE_DIR_PATH}/Podfile.lock\" \"${PODS_ROOT}/Manifest.lock\" > /dev/null\nif [ $? != 0 ] ; then\n    # print error to STDERR\n    echo \"error: The sandbox is not in sync with the Podfile.lock. Run 'pod install' or update your CocoaPods installation.\" >&2\n    exit 1\nfi\n# This output is used by Xcode 'outputs' to avoid re-running this script phase.\necho \"SUCCESS\" > \"${SCRIPT_OUTPUT_FILE_0}\"\n";
			showEnvVarsInLog = 0;
		};
		B100B47FD82C01B284107583 /* [CP] Embed Pods Frameworks */ = {
			isa = PBXShellScriptBuildPhase;
			buildActionMask = 2147483647;
			files = (
			);
			inputFileListPaths = (
			);
			inputPaths = (
				"${PODS_ROOT}/Target Support Files/Pods-Snapchat/Pods-Snapchat-frameworks.sh",
				"${BUILT_PRODUCTS_DIR}/GTMSessionFetcher/GTMSessionFetcher.framework",
				"${BUILT_PRODUCTS_DIR}/GoogleUtilities/GoogleUtilities.framework",
				"${BUILT_PRODUCTS_DIR}/leveldb-library/leveldb.framework",
				"${BUILT_PRODUCTS_DIR}/nanopb/nanopb.framework",
			);
			name = "[CP] Embed Pods Frameworks";
			outputFileListPaths = (
			);
			outputPaths = (
				"${TARGET_BUILD_DIR}/${FRAMEWORKS_FOLDER_PATH}/GTMSessionFetcher.framework",
				"${TARGET_BUILD_DIR}/${FRAMEWORKS_FOLDER_PATH}/GoogleUtilities.framework",
				"${TARGET_BUILD_DIR}/${FRAMEWORKS_FOLDER_PATH}/leveldb.framework",
				"${TARGET_BUILD_DIR}/${FRAMEWORKS_FOLDER_PATH}/nanopb.framework",
			);
			runOnlyForDeploymentPostprocessing = 0;
			shellPath = /bin/sh;
			shellScript = "\"${PODS_ROOT}/Target Support Files/Pods-Snapchat/Pods-Snapchat-frameworks.sh\"\n";
			showEnvVarsInLog = 0;
		};
/* End PBXShellScriptBuildPhase section */

/* Begin PBXSourcesBuildPhase section */
		E2DCE1B922827D98004B8262 /* Sources */ = {
			isa = PBXSourcesBuildPhase;
			buildActionMask = 2147483647;
			files = (
				E2DCE1C322827D98004B8262 /* iniciarSesionViewController.swift in Sources */,
				E2DCE1C122827D98004B8262 /* AppDelegate.swift in Sources */,
			);
			runOnlyForDeploymentPostprocessing = 0;
		};
/* End PBXSourcesBuildPhase section */

/* Begin PBXVariantGroup section */
		E2DCE1C422827D98004B8262 /* Main.storyboard */ = {
			isa = PBXVariantGroup;
			children = (
				E2DCE1C522827D98004B8262 /* Base */,
			);
			name = Main.storyboard;
			sourceTree = "<group>";
		};
		E2DCE1C922827D9B004B8262 /* LaunchScreen.storyboard */ = {
			isa = PBXVariantGroup;
			children = (
				E2DCE1CA22827D9B004B8262 /* Base */,
			);
			name = LaunchScreen.storyboard;
			sourceTree = "<group>";
		};
/* End PBXVariantGroup section */

/* Begin XCBuildConfiguration section */
		E2DCE1CD22827D9B004B8262 /* Debug */ = {
			isa = XCBuildConfiguration;
			buildSettings = {
				ALWAYS_SEARCH_USER_PATHS = NO;
				CLANG_ANALYZER_NONNULL = YES;
				CLANG_ANALYZER_NUMBER_OBJECT_CONVERSION = YES_AGGRESSIVE;
				CLANG_CXX_LANGUAGE_STANDARD = "gnu++14";
				CLANG_CXX_LIBRARY = "libc++";
				CLANG_ENABLE_MODULES = YES;
				CLANG_ENABLE_OBJC_ARC = YES;
				CLANG_ENABLE_OBJC_WEAK = YES;
				CLANG_WARN_BLOCK_CAPTURE_AUTORELEASING = YES;
				CLANG_WARN_BOOL_CONVERSION = YES;
				CLANG_WARN_COMMA = YES;
				CLANG_WARN_CONSTANT_CONVERSION = YES;
				CLANG_WARN_DEPRECATED_OBJC_IMPLEMENTATIONS = YES;
				CLANG_WARN_DIRECT_OBJC_ISA_USAGE = YES_ERROR;
				CLANG_WARN_DOCUMENTATION_COMMENTS = YES;
				CLANG_WARN_EMPTY_BODY = YES;
				CLANG_WARN_ENUM_CONVERSION = YES;
				CLANG_WARN_INFINITE_RECURSION = YES;
				CLANG_WARN_INT_CONVERSION = YES;
				CLANG_WARN_NON_LITERAL_NULL_CONVERSION = YES;
				CLANG_WARN_OBJC_IMPLICIT_RETAIN_SELF = YES;
				CLANG_WARN_OBJC_LITERAL_CONVERSION = YES;
				CLANG_WARN_OBJC_ROOT_CLASS = YES_ERROR;
				CLANG_WARN_RANGE_LOOP_ANALYSIS = YES;
				CLANG_WARN_STRICT_PROTOTYPES = YES;
				CLANG_WARN_SUSPICIOUS_MOVE = YES;
				CLANG_WARN_UNGUARDED_AVAILABILITY = YES_AGGRESSIVE;
				CLANG_WARN_UNREACHABLE_CODE = YES;
				CLANG_WARN__DUPLICATE_METHOD_MATCH = YES;
				CODE_SIGN_IDENTITY = "iPhone Developer";
				COPY_PHASE_STRIP = NO;
				DEBUG_INFORMATION_FORMAT = dwarf;
				ENABLE_STRICT_OBJC_MSGSEND = YES;
				ENABLE_TESTABILITY = YES;
				GCC_C_LANGUAGE_STANDARD = gnu11;
				GCC_DYNAMIC_NO_PIC = NO;
				GCC_NO_COMMON_BLOCKS = YES;
				GCC_OPTIMIZATION_LEVEL = 0;
				GCC_PREPROCESSOR_DEFINITIONS = (
					"DEBUG=1",
					"$(inherited)",
				);
				GCC_WARN_64_TO_32_BIT_CONVERSION = YES;
				GCC_WARN_ABOUT_RETURN_TYPE = YES_ERROR;
				GCC_WARN_UNDECLARED_SELECTOR = YES;
				GCC_WARN_UNINITIALIZED_AUTOS = YES_AGGRESSIVE;
				GCC_WARN_UNUSED_FUNCTION = YES;
				GCC_WARN_UNUSED_VARIABLE = YES;
				IPHONEOS_DEPLOYMENT_TARGET = 12.1;
				MTL_ENABLE_DEBUG_INFO = INCLUDE_SOURCE;
				MTL_FAST_MATH = YES;
				ONLY_ACTIVE_ARCH = YES;
				SDKROOT = iphoneos;
				SWIFT_ACTIVE_COMPILATION_CONDITIONS = DEBUG;
				SWIFT_OPTIMIZATION_LEVEL = "-Onone";
			};
			name = Debug;
		};
		E2DCE1CE22827D9B004B8262 /* Release */ = {
			isa = XCBuildConfiguration;
			buildSettings = {
				ALWAYS_SEARCH_USER_PATHS = NO;
				CLANG_ANALYZER_NONNULL = YES;
				CLANG_ANALYZER_NUMBER_OBJECT_CONVERSION = YES_AGGRESSIVE;
				CLANG_CXX_LANGUAGE_STANDARD = "gnu++14";
				CLANG_CXX_LIBRARY = "libc++";
				CLANG_ENABLE_MODULES = YES;
				CLANG_ENABLE_OBJC_ARC = YES;
				CLANG_ENABLE_OBJC_WEAK = YES;
				CLANG_WARN_BLOCK_CAPTURE_AUTORELEASING = YES;
				CLANG_WARN_BOOL_CONVERSION = YES;
				CLANG_WARN_COMMA = YES;
				CLANG_WARN_CONSTANT_CONVERSION = YES;
				CLANG_WARN_DEPRECATED_OBJC_IMPLEMENTATIONS = YES;
				CLANG_WARN_DIRECT_OBJC_ISA_USAGE = YES_ERROR;
				CLANG_WARN_DOCUMENTATION_COMMENTS = YES;
				CLANG_WARN_EMPTY_BODY = YES;
				CLANG_WARN_ENUM_CONVERSION = YES;
				CLANG_WARN_INFINITE_RECURSION = YES;
				CLANG_WARN_INT_CONVERSION = YES;
				CLANG_WARN_NON_LITERAL_NULL_CONVERSION = YES;
				CLANG_WARN_OBJC_IMPLICIT_RETAIN_SELF = YES;
				CLANG_WARN_OBJC_LITERAL_CONVERSION = YES;
				CLANG_WARN_OBJC_ROOT_CLASS = YES_ERROR;
				CLANG_WARN_RANGE_LOOP_ANALYSIS = YES;
				CLANG_WARN_STRICT_PROTOTYPES = YES;
				CLANG_WARN_SUSPICIOUS_MOVE = YES;
				CLANG_WARN_UNGUARDED_AVAILABILITY = YES_AGGRESSIVE;
				CLANG_WARN_UNREACHABLE_CODE = YES;
				CLANG_WARN__DUPLICATE_METHOD_MATCH = YES;
				CODE_SIGN_IDENTITY = "iPhone Developer";
				COPY_PHASE_STRIP = NO;
				DEBUG_INFORMATION_FORMAT = "dwarf-with-dsym";
				ENABLE_NS_ASSERTIONS = NO;
				ENABLE_STRICT_OBJC_MSGSEND = YES;
				GCC_C_LANGUAGE_STANDARD = gnu11;
				GCC_NO_COMMON_BLOCKS = YES;
				GCC_WARN_64_TO_32_BIT_CONVERSION = YES;
				GCC_WARN_ABOUT_RETURN_TYPE = YES_ERROR;
				GCC_WARN_UNDECLARED_SELECTOR = YES;
				GCC_WARN_UNINITIALIZED_AUTOS = YES_AGGRESSIVE;
				GCC_WARN_UNUSED_FUNCTION = YES;
				GCC_WARN_UNUSED_VARIABLE = YES;
				IPHONEOS_DEPLOYMENT_TARGET = 12.1;
				MTL_ENABLE_DEBUG_INFO = NO;
				MTL_FAST_MATH = YES;
				SDKROOT = iphoneos;
				SWIFT_COMPILATION_MODE = wholemodule;
				SWIFT_OPTIMIZATION_LEVEL = "-O";
				VALIDATE_PRODUCT = YES;
			};
			name = Release;
		};
		E2DCE1D022827D9B004B8262 /* Debug */ = {
			isa = XCBuildConfiguration;
			baseConfigurationReference = 5804793C0E7F8CE8251832C1 /* Pods-Snapchat.debug.xcconfig */;
			buildSettings = {
				ASSETCATALOG_COMPILER_APPICON_NAME = AppIcon;
				CODE_SIGN_STYLE = Automatic;
				INFOPLIST_FILE = Snapchat/Info.plist;
				LD_RUNPATH_SEARCH_PATHS = (
					"$(inherited)",
					"@executable_path/Frameworks",
				);
				PRODUCT_BUNDLE_IDENTIFIER = deah.com.Snapchat;
				PRODUCT_NAME = "$(TARGET_NAME)";
				SWIFT_VERSION = 4.2;
				TARGETED_DEVICE_FAMILY = "1,2";
			};
			name = Debug;
		};
		E2DCE1D122827D9B004B8262 /* Release */ = {
			isa = XCBuildConfiguration;
			baseConfigurationReference = AE8452414CC9C6E6032A5792 /* Pods-Snapchat.release.xcconfig */;
			buildSettings = {
				ASSETCATALOG_COMPILER_APPICON_NAME = AppIcon;
				CODE_SIGN_STYLE = Automatic;
				INFOPLIST_FILE = Snapchat/Info.plist;
				LD_RUNPATH_SEARCH_PATHS = (
					"$(inherited)",
					"@executable_path/Frameworks",
				);
				PRODUCT_BUNDLE_IDENTIFIER = deah.com.Snapchat;
				PRODUCT_NAME = "$(TARGET_NAME)";
				SWIFT_VERSION = 4.2;
				TARGETED_DEVICE_FAMILY = "1,2";
			};
			name = Release;
		};
/* End XCBuildConfiguration section */

/* Begin XCConfigurationList section */
		E2DCE1B822827D98004B8262 /* Build configuration list for PBXProject "Snapchat" */ = {
			isa = XCConfigurationList;
			buildConfigurations = (
				E2DCE1CD22827D9B004B8262 /* Debug */,
				E2DCE1CE22827D9B004B8262 /* Release */,
			);
			defaultConfigurationIsVisible = 0;
			defaultConfigurationName = Release;
		};
		E2DCE1CF22827D9B004B8262 /* Build configuration list for PBXNativeTarget "Snapchat" */ = {
			isa = XCConfigurationList;
			buildConfigurations = (
				E2DCE1D022827D9B004B8262 /* Debug */,
				E2DCE1D122827D9B004B8262 /* Release */,
			);
			defaultConfigurationIsVisible = 0;
			defaultConfigurationName = Release;
		};
/* End XCConfigurationList section */
	};
	rootObject = E2DCE1B522827D98004B8262 /* Project object */;
}
